
Microsoft Visual Studio Solution File, Format Version 12.00
# Visual Studio Version 16
VisualStudioVersion = 16.0.30320.27
MinimumVisualStudioVersion = 10.0.40219.1
Project("{FAE04EC0-301F-11D3-BF4B-00C04F79EFBC}") = "JSONParse", "JSONParse\JSONParse.csproj", "{4F17C476-A0A7-4C52-B310-38973BA9277E}"
EndProject
Global
	GlobalSection(SolutionConfigurationPlatforms) = preSolution
		Debug|Any CPU = Debug|Any CPU
		Release|Any CPU = Release|Any CPU
	EndGlobalSection
	GlobalSection(ProjectConfigurationPlatforms) = postSolution
		{4F17C476-A0A7-4C52-B310-38973BA9277E}.Debug|Any CPU.ActiveCfg = Debug|Any CPU
		{4F17C476-A0A7-4C52-B310-38973BA9277E}.Debug|Any CPU.Build.0 = Debug|Any CPU
		{4F17C476-A0A7-4C52-B310-38973BA9277E}.Release|Any CPU.ActiveCfg = Release|Any CPU
		{4F17C476-A0A7-4C52-B310-38973BA9277E}.Release|Any CPU.Build.0 = Release|Any CPU
	EndGlobalSection
	GlobalSection(SolutionProperties) = preSolution
		HideSolutionNode = FALSE
	EndGlobalSection
	GlobalSection(ExtensibilityGlobals) = postSolution
		SolutionGuid = {74333111-C3A1-4244-890C-684BD78049C5}
	EndGlobalSection
EndGlobal
